
Microsoft Visual Studio Solution File, Format Version 12.00
# Visual Studio 15
Project("{FAE04EC0-301F-11D3-BF4B-00C04F79EFBC}") = "Assembly-CSharp", "Assembly-CSharp.csproj", "{101A5DD8-5FA5-47F2-20F1-33BF4F50AD4E}"
EndProject
Project("{FAE04EC0-301F-11D3-BF4B-00C04F79EFBC}") = "Assembly-CSharp-Editor", "Assembly-CSharp-Editor.csproj", "{AFC7A124-09A7-62E7-32A0-564631304C4D}"
EndProject
Global
	GlobalSection(SolutionConfigurationPlatforms) = preSolution
		Debug|Any CPU = Debug|Any CPU
		Release|Any CPU = Release|Any CPU
	EndGlobalSection
	GlobalSection(ProjectConfigurationPlatforms) = postSolution
		{101A5DD8-5FA5-47F2-20F1-33BF4F50AD4E}.Debug|Any CPU.ActiveCfg = Debug|Any CPU
		{101A5DD8-5FA5-47F2-20F1-33BF4F50AD4E}.Debug|Any CPU.Build.0 = Debug|Any CPU
		{101A5DD8-5FA5-47F2-20F1-33BF4F50AD4E}.Release|Any CPU.ActiveCfg = Release|Any CPU
		{101A5DD8-5FA5-47F2-20F1-33BF4F50AD4E}.Release|Any CPU.Build.0 = Release|Any CPU
		{AFC7A124-09A7-62E7-32A0-564631304C4D}.Debug|Any CPU.ActiveCfg = Debug|Any CPU
		{AFC7A124-09A7-62E7-32A0-564631304C4D}.Debug|Any CPU.Build.0 = Debug|Any CPU
		{AFC7A124-09A7-62E7-32A0-564631304C4D}.Release|Any CPU.ActiveCfg = Release|Any CPU
		{AFC7A124-09A7-62E7-32A0-564631304C4D}.Release|Any CPU.Build.0 = Release|Any CPU
	EndGlobalSection
	GlobalSection(SolutionProperties) = preSolution
		HideSolutionNode = FALSE
	EndGlobalSection
EndGlobal
