
Microsoft Visual Studio Solution File, Format Version 12.00
# Visual Studio 15
Project("{FAE04EC0-301F-11D3-BF4B-00C04F79EFBC}") = "Assembly-CSharp", "Assembly-CSharp.csproj", "{C888F2F7-0E3F-8962-9136-96C66BE2C577}"
EndProject
Project("{FAE04EC0-301F-11D3-BF4B-00C04F79EFBC}") = "Assembly-CSharp-Editor", "Assembly-CSharp-Editor.csproj", "{B2FCCB20-B01B-CD7F-3B04-DD1DB710D43A}"
EndProject
Global
	GlobalSection(SolutionConfigurationPlatforms) = preSolution
		Debug|Any CPU = Debug|Any CPU
		Release|Any CPU = Release|Any CPU
	EndGlobalSection
	GlobalSection(ProjectConfigurationPlatforms) = postSolution
		{C888F2F7-0E3F-8962-9136-96C66BE2C577}.Debug|Any CPU.ActiveCfg = Debug|Any CPU
		{C888F2F7-0E3F-8962-9136-96C66BE2C577}.Debug|Any CPU.Build.0 = Debug|Any CPU
		{C888F2F7-0E3F-8962-9136-96C66BE2C577}.Release|Any CPU.ActiveCfg = Release|Any CPU
		{C888F2F7-0E3F-8962-9136-96C66BE2C577}.Release|Any CPU.Build.0 = Release|Any CPU
		{B2FCCB20-B01B-CD7F-3B04-DD1DB710D43A}.Debug|Any CPU.ActiveCfg = Debug|Any CPU
		{B2FCCB20-B01B-CD7F-3B04-DD1DB710D43A}.Debug|Any CPU.Build.0 = Debug|Any CPU
		{B2FCCB20-B01B-CD7F-3B04-DD1DB710D43A}.Release|Any CPU.ActiveCfg = Release|Any CPU
		{B2FCCB20-B01B-CD7F-3B04-DD1DB710D43A}.Release|Any CPU.Build.0 = Release|Any CPU
	EndGlobalSection
	GlobalSection(SolutionProperties) = preSolution
		HideSolutionNode = FALSE
	EndGlobalSection
EndGlobal
